
Microsoft Visual Studio Solution File, Format Version 12.00
# Visual Studio Version 16
VisualStudioVersion = 16.0.31205.134
MinimumVisualStudioVersion = 10.0.40219.1
Project("{2150E333-8FDC-42A3-9474-1A3956D46DE8}") = "Services", "Services", "{9D2D8734-4B38-4499-8855-4969C5150BC7}"
EndProject
Project("{2150E333-8FDC-42A3-9474-1A3956D46DE8}") = "Catalog", "Catalog", "{7F8DE748-2271-48EB-BBE8-476A1DF464B9}"
EndProject
Project("{FAE04EC0-301F-11D3-BF4B-00C04F79EFBC}") = "Catalog.API", "Services\Catalog\Catalog.API\Catalog.API.csproj", "{AD9E3EA6-164B-47D1-826B-E6F6806B69C8}"
EndProject
Global
	GlobalSection(SolutionConfigurationPlatforms) = preSolution
		Debug|Any CPU = Debug|Any CPU
		Release|Any CPU = Release|Any CPU
	EndGlobalSection
	GlobalSection(ProjectConfigurationPlatforms) = postSolution
		{AD9E3EA6-164B-47D1-826B-E6F6806B69C8}.Debug|Any CPU.ActiveCfg = Debug|Any CPU
		{AD9E3EA6-164B-47D1-826B-E6F6806B69C8}.Debug|Any CPU.Build.0 = Debug|Any CPU
		{AD9E3EA6-164B-47D1-826B-E6F6806B69C8}.Release|Any CPU.ActiveCfg = Release|Any CPU
		{AD9E3EA6-164B-47D1-826B-E6F6806B69C8}.Release|Any CPU.Build.0 = Release|Any CPU
	EndGlobalSection
	GlobalSection(SolutionProperties) = preSolution
		HideSolutionNode = FALSE
	EndGlobalSection
	GlobalSection(NestedProjects) = preSolution
		{7F8DE748-2271-48EB-BBE8-476A1DF464B9} = {9D2D8734-4B38-4499-8855-4969C5150BC7}
		{AD9E3EA6-164B-47D1-826B-E6F6806B69C8} = {7F8DE748-2271-48EB-BBE8-476A1DF464B9}
	EndGlobalSection
	GlobalSection(ExtensibilityGlobals) = postSolution
		SolutionGuid = {D93ABBE9-3181-494B-B74A-9CEF0219D99A}
	EndGlobalSection
EndGlobal
